
Microsoft Visual Studio Solution File, Format Version 12.00
# Visual Studio 14
VisualStudioVersion = 14.0.25420.1
MinimumVisualStudioVersion = 10.0.40219.1
Project("{FAE04EC0-301F-11D3-BF4B-00C04F79EFBC}") = "ShiraApplication", "ShiraApplication\ShiraApplication.csproj", "{EE313D93-2298-40EE-9B94-42C020745389}"
EndProject
Project("{FAE04EC0-301F-11D3-BF4B-00C04F79EFBC}") = "ShiraApplication.Tests", "ShiraApplication.Tests\ShiraApplication.Tests.csproj", "{899A7F3D-67D1-4C03-8CBA-DDA7EAA12147}"
EndProject
Global
	GlobalSection(SolutionConfigurationPlatforms) = preSolution
		Debug|Any CPU = Debug|Any CPU
		Release|Any CPU = Release|Any CPU
	EndGlobalSection
	GlobalSection(ProjectConfigurationPlatforms) = postSolution
		{EE313D93-2298-40EE-9B94-42C020745389}.Debug|Any CPU.ActiveCfg = Debug|Any CPU
		{EE313D93-2298-40EE-9B94-42C020745389}.Debug|Any CPU.Build.0 = Debug|Any CPU
		{EE313D93-2298-40EE-9B94-42C020745389}.Release|Any CPU.ActiveCfg = Release|Any CPU
		{EE313D93-2298-40EE-9B94-42C020745389}.Release|Any CPU.Build.0 = Release|Any CPU
		{899A7F3D-67D1-4C03-8CBA-DDA7EAA12147}.Debug|Any CPU.ActiveCfg = Debug|Any CPU
		{899A7F3D-67D1-4C03-8CBA-DDA7EAA12147}.Debug|Any CPU.Build.0 = Debug|Any CPU
		{899A7F3D-67D1-4C03-8CBA-DDA7EAA12147}.Release|Any CPU.ActiveCfg = Release|Any CPU
		{899A7F3D-67D1-4C03-8CBA-DDA7EAA12147}.Release|Any CPU.Build.0 = Release|Any CPU
	EndGlobalSection
	GlobalSection(SolutionProperties) = preSolution
		HideSolutionNode = FALSE
	EndGlobalSection
EndGlobal
